// !$*UTF8*$!
{
	archiveVersion = 1;
	classes = {
	};
	objectVersion = 50;
	objects = {

/* Begin PBXBuildFile section */
		16290B6C21650B7500E75C96 /* GameFrameworkIOS.mm in Sources */ = {isa = PBXBuildFile; fileRef = 16290B6821650B7500E75C96 /* GameFrameworkIOS.mm */; };
		16290B6D21650B7500E75C96 /* PhotoViewController.mm in Sources */ = {isa = PBXBuildFile; fileRef = 16290B6A21650B7500E75C96 /* PhotoViewController.mm */; };
		167EC19121A3A42B003A4C4A /* STRIAPManager.m in Sources */ = {isa = PBXBuildFile; fileRef = 167EC19021A3A42B003A4C4A /* STRIAPManager.m */; };
/* End PBXBuildFile section */

/* Begin PBXCopyFilesBuildPhase section */
		167ECADF2163BFDB00AD85C2 /* CopyFiles */ = {
			isa = PBXCopyFilesBuildPhase;
			buildActionMask = 2147483647;
			dstPath = "include/$(PRODUCT_NAME)";
			dstSubfolderSpec = 16;
			files = (
			);
			runOnlyForDeploymentPostprocessing = 0;
		};
/* End PBXCopyFilesBuildPhase section */

/* Begin PBXFileReference section */
		16290B6721650B7500E75C96 /* PhotoViewController.h */ = {isa = PBXFileReference; fileEncoding = 4; lastKnownFileType = sourcecode.c.h; path = PhotoViewController.h; sourceTree = "<group>"; };
		16290B6821650B7500E75C96 /* GameFrameworkIOS.mm */ = {isa = PBXFileReference; fileEncoding = 4; lastKnownFileType = sourcecode.cpp.objcpp; path = GameFrameworkIOS.mm; sourceTree = "<group>"; };
		16290B6921650B7500E75C96 /* CommonDefines.h */ = {isa = PBXFileReference; fileEncoding = 4; lastKnownFileType = sourcecode.c.h; path = CommonDefines.h; sourceTree = "<group>"; };
		16290B6A21650B7500E75C96 /* PhotoViewController.mm */ = {isa = PBXFileReference; fileEncoding = 4; lastKnownFileType = sourcecode.cpp.objcpp; path = PhotoViewController.mm; sourceTree = "<group>"; };
		16290B6B21650B7500E75C96 /* GameFrameworkIOS.h */ = {isa = PBXFileReference; fileEncoding = 4; lastKnownFileType = sourcecode.c.h; path = GameFrameworkIOS.h; sourceTree = "<group>"; };
		167EC19021A3A42B003A4C4A /* STRIAPManager.m */ = {isa = PBXFileReference; lastKnownFileType = sourcecode.c.objc; path = STRIAPManager.m; sourceTree = "<group>"; };
		167EC19221A3A47B003A4C4A /* STRIAPManager.h */ = {isa = PBXFileReference; lastKnownFileType = sourcecode.c.h; path = STRIAPManager.h; sourceTree = "<group>"; };
		167ECAE12163BFDC00AD85C2 /* libGameFrameworkPI.a */ = {isa = PBXFileReference; explicitFileType = archive.ar; includeInIndex = 0; path = libGameFrameworkPI.a; sourceTree = BUILT_PRODUCTS_DIR; };
/* End PBXFileReference section */

/* Begin PBXFrameworksBuildPhase section */
		167ECADE2163BFDB00AD85C2 /* Frameworks */ = {
			isa = PBXFrameworksBuildPhase;
			buildActionMask = 2147483647;
			files = (
			);
			runOnlyForDeploymentPostprocessing = 0;
		};
/* End PBXFrameworksBuildPhase section */

/* Begin PBXGroup section */
		16290B6621650B7500E75C96 /* src */ = {
			isa = PBXGroup;
			children = (
				16290B6721650B7500E75C96 /* PhotoViewController.h */,
				16290B6821650B7500E75C96 /* GameFrameworkIOS.mm */,
				16290B6921650B7500E75C96 /* CommonDefines.h */,
				16290B6A21650B7500E75C96 /* PhotoViewController.mm */,
				16290B6B21650B7500E75C96 /* GameFrameworkIOS.h */,
				167EC19021A3A42B003A4C4A /* STRIAPManager.m */,
				167EC19221A3A47B003A4C4A /* STRIAPManager.h */,
			);
			path = src;
			sourceTree = "<group>";
		};
		167ECAD82163BFDB00AD85C2 = {
			isa = PBXGroup;
			children = (
				16290B6621650B7500E75C96 /* src */,
				167ECAE22163BFDC00AD85C2 /* Products */,
			);
			sourceTree = "<group>";
		};
		167ECAE22163BFDC00AD85C2 /* Products */ = {
			isa = PBXGroup;
			children = (
				167ECAE12163BFDC00AD85C2 /* libGameFrameworkPI.a */,
			);
			name = Products;
			sourceTree = "<group>";
		};
/* End PBXGroup section */

/* Begin PBXNativeTarget section */
		167ECAE02163BFDB00AD85C2 /* GameFrameworkPI */ = {
			isa = PBXNativeTarget;
			buildConfigurationList = 167ECAEA2163BFDC00AD85C2 /* Build configuration list for PBXNativeTarget "GameFrameworkPI" */;
			buildPhases = (
				167ECADD2163BFDB00AD85C2 /* Sources */,
				167ECADE2163BFDB00AD85C2 /* Frameworks */,
				167ECADF2163BFDB00AD85C2 /* CopyFiles */,
			);
			buildRules = (
			);
			dependencies = (
			);
			name = GameFrameworkPI;
			productName = GameFrameworkPI;
			productReference = 167ECAE12163BFDC00AD85C2 /* libGameFrameworkPI.a */;
			productType = "com.apple.product-type.library.static";
		};
/* End PBXNativeTarget section */

/* Begin PBXProject section */
		167ECAD92163BFDB00AD85C2 /* Project object */ = {
			isa = PBXProject;
			attributes = {
				LastUpgradeCheck = 0940;
				ORGANIZATIONNAME = dekiven;
				TargetAttributes = {
					167ECAE02163BFDB00AD85C2 = {
						CreatedOnToolsVersion = 9.4.1;
					};
				};
			};
			buildConfigurationList = 167ECADC2163BFDB00AD85C2 /* Build configuration list for PBXProject "GameFrameworkPI" */;
			compatibilityVersion = "Xcode 9.3";
			developmentRegion = en;
			hasScannedForEncodings = 0;
			knownRegions = (
				en,
			);
			mainGroup = 167ECAD82163BFDB00AD85C2;
			productRefGroup = 167ECAE22163BFDC00AD85C2 /* Products */;
			projectDirPath = "";
			projectRoot = "";
			targets = (
				167ECAE02163BFDB00AD85C2 /* GameFrameworkPI */,
			);
		};
/* End PBXProject section */

/* Begin PBXSourcesBuildPhase section */
		167ECADD2163BFDB00AD85C2 /* Sources */ = {
			isa = PBXSourcesBuildPhase;
			buildActionMask = 2147483647;
			files = (
				167EC19121A3A42B003A4C4A /* STRIAPManager.m in Sources */,
				16290B6D21650B7500E75C96 /* PhotoViewController.mm in Sources */,
				16290B6C21650B7500E75C96 /* GameFrameworkIOS.mm in Sources */,
			);
			runOnlyForDeploymentPostprocessing = 0;
		};
/* End PBXSourcesBuildPhase section */

/* Begin XCBuildConfiguration section */
		167ECAE82163BFDC00AD85C2 /* Debug */ = {
			isa = XCBuildConfiguration;
			buildSettings = {
				ALWAYS_SEARCH_USER_PATHS = NO;
				CLANG_ANALYZER_NONNULL = YES;
				CLANG_ANALYZER_NUMBER_OBJECT_CONVERSION = YES_AGGRESSIVE;
				CLANG_CXX_LANGUAGE_STANDARD = "gnu++14";
				CLANG_CXX_LIBRARY = "libc++";
				CLANG_ENABLE_MODULES = YES;
				CLANG_ENABLE_OBJC_ARC = YES;
				CLANG_ENABLE_OBJC_WEAK = YES;
				CLANG_WARN_BLOCK_CAPTURE_AUTORELEASING = YES;
				CLANG_WARN_BOOL_CONVERSION = YES;
				CLANG_WARN_COMMA = YES;
				CLANG_WARN_CONSTANT_CONVERSION = YES;
				CLANG_WARN_DEPRECATED_OBJC_IMPLEMENTATIONS = YES;
				CLANG_WARN_DIRECT_OBJC_ISA_USAGE = YES_ERROR;
				CLANG_WARN_DOCUMENTATION_COMMENTS = YES;
				CLANG_WARN_EMPTY_BODY = YES;
				CLANG_WARN_ENUM_CONVERSION = YES;
				CLANG_WARN_INFINITE_RECURSION = YES;
				CLANG_WARN_INT_CONVERSION = YES;
				CLANG_WARN_NON_LITERAL_NULL_CONVERSION = YES;
				CLANG_WARN_OBJC_IMPLICIT_RETAIN_SELF = YES;
				CLANG_WARN_OBJC_LITERAL_CONVERSION = YES;
				CLANG_WARN_OBJC_ROOT_CLASS = YES_ERROR;
				CLANG_WARN_RANGE_LOOP_ANALYSIS = YES;
				CLANG_WARN_STRICT_PROTOTYPES = YES;
				CLANG_WARN_SUSPICIOUS_MOVE = YES;
				CLANG_WARN_UNGUARDED_AVAILABILITY = YES_AGGRESSIVE;
				CLANG_WARN_UNREACHABLE_CODE = YES;
				CLANG_WARN__DUPLICATE_METHOD_MATCH = YES;
				CODE_SIGN_IDENTITY = "iPhone Developer";
				COPY_PHASE_STRIP = NO;
				DEBUG_INFORMATION_FORMAT = dwarf;
				ENABLE_STRICT_OBJC_MSGSEND = YES;
				ENABLE_TESTABILITY = YES;
				GCC_C_LANGUAGE_STANDARD = gnu11;
				GCC_DYNAMIC_NO_PIC = NO;
				GCC_NO_COMMON_BLOCKS = YES;
				GCC_OPTIMIZATION_LEVEL = 0;
				GCC_PREPROCESSOR_DEFINITIONS = (
					"DEBUG=1",
					"$(inherited)",
				);
				GCC_WARN_64_TO_32_BIT_CONVERSION = YES;
				GCC_WARN_ABOUT_RETURN_TYPE = YES_ERROR;
				GCC_WARN_UNDECLARED_SELECTOR = YES;
				GCC_WARN_UNINITIALIZED_AUTOS = YES_AGGRESSIVE;
				GCC_WARN_UNUSED_FUNCTION = YES;
				GCC_WARN_UNUSED_VARIABLE = YES;
				IPHONEOS_DEPLOYMENT_TARGET = 11.4;
				MTL_ENABLE_DEBUG_INFO = YES;
				ONLY_ACTIVE_ARCH = YES;
				SDKROOT = iphoneos;
			};
			name = Debug;
		};
		167ECAE92163BFDC00AD85C2 /* Release */ = {
			isa = XCBuildConfiguration;
			buildSettings = {
				ALWAYS_SEARCH_USER_PATHS = NO;
				CLANG_ANALYZER_NONNULL = YES;
				CLANG_ANALYZER_NUMBER_OBJECT_CONVERSION = YES_AGGRESSIVE;
				CLANG_CXX_LANGUAGE_STANDARD = "gnu++14";
				CLANG_CXX_LIBRARY = "libc++";
				CLANG_ENABLE_MODULES = YES;
				CLANG_ENABLE_OBJC_ARC = YES;
				CLANG_ENABLE_OBJC_WEAK = YES;
				CLANG_WARN_BLOCK_CAPTURE_AUTORELEASING = YES;
				CLANG_WARN_BOOL_CONVERSION = YES;
				CLANG_WARN_COMMA = YES;
				CLANG_WARN_CONSTANT_CONVERSION = YES;
				CLANG_WARN_DEPRECATED_OBJC_IMPLEMENTATIONS = YES;
				CLANG_WARN_DIRECT_OBJC_ISA_USAGE = YES_ERROR;
				CLANG_WARN_DOCUMENTATION_COMMENTS = YES;
				CLANG_WARN_EMPTY_BODY = YES;
				CLANG_WARN_ENUM_CONVERSION = YES;
				CLANG_WARN_INFINITE_RECURSION = YES;
				CLANG_WARN_INT_CONVERSION = YES;
				CLANG_WARN_NON_LITERAL_NULL_CONVERSION = YES;
				CLANG_WARN_OBJC_IMPLICIT_RETAIN_SELF = YES;
				CLANG_WARN_OBJC_LITERAL_CONVERSION = YES;
				CLANG_WARN_OBJC_ROOT_CLASS = YES_ERROR;
				CLANG_WARN_RANGE_LOOP_ANALYSIS = YES;
				CLANG_WARN_STRICT_PROTOTYPES = YES;
				CLANG_WARN_SUSPICIOUS_MOVE = YES;
				CLANG_WARN_UNGUARDED_AVAILABILITY = YES_AGGRESSIVE;
				CLANG_WARN_UNREACHABLE_CODE = YES;
				CLANG_WARN__DUPLICATE_METHOD_MATCH = YES;
				CODE_SIGN_IDENTITY = "iPhone Developer";
				COPY_PHASE_STRIP = NO;
				DEBUG_INFORMATION_FORMAT = "dwarf-with-dsym";
				ENABLE_NS_ASSERTIONS = NO;
				ENABLE_STRICT_OBJC_MSGSEND = YES;
				GCC_C_LANGUAGE_STANDARD = gnu11;
				GCC_NO_COMMON_BLOCKS = YES;
				GCC_WARN_64_TO_32_BIT_CONVERSION = YES;
				GCC_WARN_ABOUT_RETURN_TYPE = YES_ERROR;
				GCC_WARN_UNDECLARED_SELECTOR = YES;
				GCC_WARN_UNINITIALIZED_AUTOS = YES_AGGRESSIVE;
				GCC_WARN_UNUSED_FUNCTION = YES;
				GCC_WARN_UNUSED_VARIABLE = YES;
				IPHONEOS_DEPLOYMENT_TARGET = 11.4;
				MTL_ENABLE_DEBUG_INFO = NO;
				SDKROOT = iphoneos;
				VALIDATE_PRODUCT = YES;
			};
			name = Release;
		};
		167ECAEB2163BFDC00AD85C2 /* Debug */ = {
			isa = XCBuildConfiguration;
			buildSettings = {
				CODE_SIGN_STYLE = Automatic;
				DEVELOPMENT_TEAM = HXTLM64ARX;
				OTHER_LDFLAGS = "-ObjC";
				PRODUCT_NAME = "$(TARGET_NAME)";
				SKIP_INSTALL = YES;
				TARGETED_DEVICE_FAMILY = "1,2";
			};
			name = Debug;
		};
		167ECAEC2163BFDC00AD85C2 /* Release */ = {
			isa = XCBuildConfiguration;
			buildSettings = {
				CODE_SIGN_STYLE = Automatic;
				DEVELOPMENT_TEAM = HXTLM64ARX;
				OTHER_LDFLAGS = "-ObjC";
				PRODUCT_NAME = "$(TARGET_NAME)";
				SKIP_INSTALL = YES;
				TARGETED_DEVICE_FAMILY = "1,2";
			};
			name = Release;
		};
/* End XCBuildConfiguration section */

/* Begin XCConfigurationList section */
		167ECADC2163BFDB00AD85C2 /* Build configuration list for PBXProject "GameFrameworkPI" */ = {
			isa = XCConfigurationList;
			buildConfigurations = (
				167ECAE82163BFDC00AD85C2 /* Debug */,
				167ECAE92163BFDC00AD85C2 /* Release */,
			);
			defaultConfigurationIsVisible = 0;
			defaultConfigurationName = Release;
		};
		167ECAEA2163BFDC00AD85C2 /* Build configuration list for PBXNativeTarget "GameFrameworkPI" */ = {
			isa = XCConfigurationList;
			buildConfigurations = (
				167ECAEB2163BFDC00AD85C2 /* Debug */,
				167ECAEC2163BFDC00AD85C2 /* Release */,
			);
			defaultConfigurationIsVisible = 0;
			defaultConfigurationName = Release;
		};
/* End XCConfigurationList section */
	};
	rootObject = 167ECAD92163BFDB00AD85C2 /* Project object */;
}
